// !$*UTF8*$!
{
	archiveVersion = 1;
	classes = {
	};
	objectVersion = 50;
	objects = {

/* Begin PBXBuildFile section */
		110B0696239331860093659F /* RecordViewController.swift in Sources */ = {isa = PBXBuildFile; fileRef = 110B0695239331860093659F /* RecordViewController.swift */; };
		110B069A23933FD40093659F /* CircleButton.swift in Sources */ = {isa = PBXBuildFile; fileRef = 110B069923933FD40093659F /* CircleButton.swift */; };
		110B069D23934E470093659F /* recording.m4a in Resources */ = {isa = PBXBuildFile; fileRef = 110B069C23934E470093659F /* recording.m4a */; };
		11542B0E239309A00011131C /* AppDelegate.swift in Sources */ = {isa = PBXBuildFile; fileRef = 11542B0D239309A00011131C /* AppDelegate.swift */; };
		11542B10239309A00011131C /* SceneDelegate.swift in Sources */ = {isa = PBXBuildFile; fileRef = 11542B0F239309A00011131C /* SceneDelegate.swift */; };
		11542B12239309A00011131C /* HomeViewController.swift in Sources */ = {isa = PBXBuildFile; fileRef = 11542B11239309A00011131C /* HomeViewController.swift */; };
		11542B15239309A00011131C /* Main.storyboard in Resources */ = {isa = PBXBuildFile; fileRef = 11542B13239309A00011131C /* Main.storyboard */; };
		11542B17239309A30011131C /* Assets.xcassets in Resources */ = {isa = PBXBuildFile; fileRef = 11542B16239309A30011131C /* Assets.xcassets */; };
		11542B1A239309A30011131C /* LaunchScreen.storyboard in Resources */ = {isa = PBXBuildFile; fileRef = 11542B18239309A30011131C /* LaunchScreen.storyboard */; };
/* End PBXBuildFile section */

/* Begin PBXFileReference section */
		110B0695239331860093659F /* RecordViewController.swift */ = {isa = PBXFileReference; lastKnownFileType = sourcecode.swift; path = RecordViewController.swift; sourceTree = "<group>"; };
		110B069923933FD40093659F /* CircleButton.swift */ = {isa = PBXFileReference; lastKnownFileType = sourcecode.swift; path = CircleButton.swift; sourceTree = "<group>"; };
		110B069C23934E470093659F /* recording.m4a */ = {isa = PBXFileReference; lastKnownFileType = file; path = recording.m4a; sourceTree = "<group>"; };
		11542B0A239309A00011131C /* Inky.app */ = {isa = PBXFileReference; explicitFileType = wrapper.application; includeInIndex = 0; path = Inky.app; sourceTree = BUILT_PRODUCTS_DIR; };
		11542B0D239309A00011131C /* AppDelegate.swift */ = {isa = PBXFileReference; lastKnownFileType = sourcecode.swift; path = AppDelegate.swift; sourceTree = "<group>"; };
		11542B0F239309A00011131C /* SceneDelegate.swift */ = {isa = PBXFileReference; lastKnownFileType = sourcecode.swift; path = SceneDelegate.swift; sourceTree = "<group>"; };
		11542B11239309A00011131C /* HomeViewController.swift */ = {isa = PBXFileReference; lastKnownFileType = sourcecode.swift; path = HomeViewController.swift; sourceTree = "<group>"; };
		11542B14239309A00011131C /* Base */ = {isa = PBXFileReference; lastKnownFileType = file.storyboard; name = Base; path = Base.lproj/Main.storyboard; sourceTree = "<group>"; };
		11542B16239309A30011131C /* Assets.xcassets */ = {isa = PBXFileReference; lastKnownFileType = folder.assetcatalog; path = Assets.xcassets; sourceTree = "<group>"; };
		11542B19239309A30011131C /* Base */ = {isa = PBXFileReference; lastKnownFileType = file.storyboard; name = Base; path = Base.lproj/LaunchScreen.storyboard; sourceTree = "<group>"; };
		11542B1B239309A30011131C /* Info.plist */ = {isa = PBXFileReference; lastKnownFileType = text.plist.xml; path = Info.plist; sourceTree = "<group>"; };
/* End PBXFileReference section */

/* Begin PBXFrameworksBuildPhase section */
		11542B07239309A00011131C /* Frameworks */ = {
			isa = PBXFrameworksBuildPhase;
			buildActionMask = 2147483647;
			files = (
			);
			runOnlyForDeploymentPostprocessing = 0;
		};
/* End PBXFrameworksBuildPhase section */

/* Begin PBXGroup section */
		110B069723933F820093659F /* View */ = {
			isa = PBXGroup;
			children = (
				110B069923933FD40093659F /* CircleButton.swift */,
			);
			path = View;
			sourceTree = "<group>";
		};
		110B069B23934E0D0093659F /* resources */ = {
			isa = PBXGroup;
			children = (
				110B069C23934E470093659F /* recording.m4a */,
			);
			path = resources;
			sourceTree = "<group>";
		};
		11542B01239309A00011131C = {
			isa = PBXGroup;
			children = (
				11542B0C239309A00011131C /* Inky */,
				11542B0B239309A00011131C /* Products */,
			);
			sourceTree = "<group>";
		};
		11542B0B239309A00011131C /* Products */ = {
			isa = PBXGroup;
			children = (
				11542B0A239309A00011131C /* Inky.app */,
			);
			name = Products;
			sourceTree = "<group>";
		};
		11542B0C239309A00011131C /* Inky */ = {
			isa = PBXGroup;
			children = (
				110B069B23934E0D0093659F /* resources */,
				110B069723933F820093659F /* View */,
				11542B0D239309A00011131C /* AppDelegate.swift */,
				11542B11239309A00011131C /* HomeViewController.swift */,
				110B0695239331860093659F /* RecordViewController.swift */,
				11542B0F239309A00011131C /* SceneDelegate.swift */,
				11542B13239309A00011131C /* Main.storyboard */,
				11542B16239309A30011131C /* Assets.xcassets */,
				11542B18239309A30011131C /* LaunchScreen.storyboard */,
				11542B1B239309A30011131C /* Info.plist */,
			);
			path = Inky;
			sourceTree = "<group>";
		};
/* End PBXGroup section */

/* Begin PBXNativeTarget section */
		11542B09239309A00011131C /* Inky */ = {
			isa = PBXNativeTarget;
			buildConfigurationList = 11542B1E239309A30011131C /* Build configuration list for PBXNativeTarget "Inky" */;
			buildPhases = (
				11542B06239309A00011131C /* Sources */,
				11542B07239309A00011131C /* Frameworks */,
				11542B08239309A00011131C /* Resources */,
			);
			buildRules = (
			);
			dependencies = (
			);
			name = Inky;
			productName = Inky;
			productReference = 11542B0A239309A00011131C /* Inky.app */;
			productType = "com.apple.product-type.application";
		};
/* End PBXNativeTarget section */

/* Begin PBXProject section */
		11542B02239309A00011131C /* Project object */ = {
			isa = PBXProject;
			attributes = {
				LastSwiftUpdateCheck = 1120;
				LastUpgradeCheck = 1120;
				ORGANIZATIONNAME = JEAR;
				TargetAttributes = {
					11542B09239309A00011131C = {
						CreatedOnToolsVersion = 11.2.1;
					};
				};
			};
			buildConfigurationList = 11542B05239309A00011131C /* Build configuration list for PBXProject "Inky" */;
			compatibilityVersion = "Xcode 9.3";
			developmentRegion = en;
			hasScannedForEncodings = 0;
			knownRegions = (
				en,
				Base,
			);
			mainGroup = 11542B01239309A00011131C;
			productRefGroup = 11542B0B239309A00011131C /* Products */;
			projectDirPath = "";
			projectRoot = "";
			targets = (
				11542B09239309A00011131C /* Inky */,
			);
		};
/* End PBXProject section */

/* Begin PBXResourcesBuildPhase section */
		11542B08239309A00011131C /* Resources */ = {
			isa = PBXResourcesBuildPhase;
			buildActionMask = 2147483647;
			files = (
				11542B1A239309A30011131C /* LaunchScreen.storyboard in Resources */,
				11542B17239309A30011131C /* Assets.xcassets in Resources */,
				110B069D23934E470093659F /* recording.m4a in Resources */,
				11542B15239309A00011131C /* Main.storyboard in Resources */,
			);
			runOnlyForDeploymentPostprocessing = 0;
		};
/* End PBXResourcesBuildPhase section */

/* Begin PBXSourcesBuildPhase section */
		11542B06239309A00011131C /* Sources */ = {
			isa = PBXSourcesBuildPhase;
			buildActionMask = 2147483647;
			files = (
				110B069A23933FD40093659F /* CircleButton.swift in Sources */,
				11542B12239309A00011131C /* HomeViewController.swift in Sources */,
				11542B0E239309A00011131C /* AppDelegate.swift in Sources */,
				11542B10239309A00011131C /* SceneDelegate.swift in Sources */,
				110B0696239331860093659F /* RecordViewController.swift in Sources */,
			);
			runOnlyForDeploymentPostprocessing = 0;
		};
/* End PBXSourcesBuildPhase section */

/* Begin PBXVariantGroup section */
		11542B13239309A00011131C /* Main.storyboard */ = {
			isa = PBXVariantGroup;
			children = (
				11542B14239309A00011131C /* Base */,
			);
			name = Main.storyboard;
			sourceTree = "<group>";
		};
		11542B18239309A30011131C /* LaunchScreen.storyboard */ = {
			isa = PBXVariantGroup;
			children = (
				11542B19239309A30011131C /* Base */,
			);
			name = LaunchScreen.storyboard;
			sourceTree = "<group>";
		};
/* End PBXVariantGroup section */

/* Begin XCBuildConfiguration section */
		11542B1C239309A30011131C /* Debug */ = {
			isa = XCBuildConfiguration;
			buildSettings = {
				ALWAYS_SEARCH_USER_PATHS = NO;
				CLANG_ANALYZER_NONNULL = YES;
				CLANG_ANALYZER_NUMBER_OBJECT_CONVERSION = YES_AGGRESSIVE;
				CLANG_CXX_LANGUAGE_STANDARD = "gnu++14";
				CLANG_CXX_LIBRARY = "libc++";
				CLANG_ENABLE_MODULES = YES;
				CLANG_ENABLE_OBJC_ARC = YES;
				CLANG_ENABLE_OBJC_WEAK = YES;
				CLANG_WARN_BLOCK_CAPTURE_AUTORELEASING = YES;
				CLANG_WARN_BOOL_CONVERSION = YES;
				CLANG_WARN_COMMA = YES;
				CLANG_WARN_CONSTANT_CONVERSION = YES;
				CLANG_WARN_DEPRECATED_OBJC_IMPLEMENTATIONS = YES;
				CLANG_WARN_DIRECT_OBJC_ISA_USAGE = YES_ERROR;
				CLANG_WARN_DOCUMENTATION_COMMENTS = YES;
				CLANG_WARN_EMPTY_BODY = YES;
				CLANG_WARN_ENUM_CONVERSION = YES;
				CLANG_WARN_INFINITE_RECURSION = YES;
				CLANG_WARN_INT_CONVERSION = YES;
				CLANG_WARN_NON_LITERAL_NULL_CONVERSION = YES;
				CLANG_WARN_OBJC_IMPLICIT_RETAIN_SELF = YES;
				CLANG_WARN_OBJC_LITERAL_CONVERSION = YES;
				CLANG_WARN_OBJC_ROOT_CLASS = YES_ERROR;
				CLANG_WARN_RANGE_LOOP_ANALYSIS = YES;
				CLANG_WARN_STRICT_PROTOTYPES = YES;
				CLANG_WARN_SUSPICIOUS_MOVE = YES;
				CLANG_WARN_UNGUARDED_AVAILABILITY = YES_AGGRESSIVE;
				CLANG_WARN_UNREACHABLE_CODE = YES;
				CLANG_WARN__DUPLICATE_METHOD_MATCH = YES;
				COPY_PHASE_STRIP = NO;
				DEBUG_INFORMATION_FORMAT = dwarf;
				ENABLE_STRICT_OBJC_MSGSEND = YES;
				ENABLE_TESTABILITY = YES;
				GCC_C_LANGUAGE_STANDARD = gnu11;
				GCC_DYNAMIC_NO_PIC = NO;
				GCC_NO_COMMON_BLOCKS = YES;
				GCC_OPTIMIZATION_LEVEL = 0;
				GCC_PREPROCESSOR_DEFINITIONS = (
					"DEBUG=1",
					"$(inherited)",
				);
				GCC_WARN_64_TO_32_BIT_CONVERSION = YES;
				GCC_WARN_ABOUT_RETURN_TYPE = YES_ERROR;
				GCC_WARN_UNDECLARED_SELECTOR = YES;
				GCC_WARN_UNINITIALIZED_AUTOS = YES_AGGRESSIVE;
				GCC_WARN_UNUSED_FUNCTION = YES;
				GCC_WARN_UNUSED_VARIABLE = YES;
				IPHONEOS_DEPLOYMENT_TARGET = 13.2;
				MTL_ENABLE_DEBUG_INFO = INCLUDE_SOURCE;
				MTL_FAST_MATH = YES;
				ONLY_ACTIVE_ARCH = YES;
				SDKROOT = iphoneos;
				SWIFT_ACTIVE_COMPILATION_CONDITIONS = DEBUG;
				SWIFT_OPTIMIZATION_LEVEL = "-Onone";
			};
			name = Debug;
		};
		11542B1D239309A30011131C /* Release */ = {
			isa = XCBuildConfiguration;
			buildSettings = {
				ALWAYS_SEARCH_USER_PATHS = NO;
				CLANG_ANALYZER_NONNULL = YES;
				CLANG_ANALYZER_NUMBER_OBJECT_CONVERSION = YES_AGGRESSIVE;
				CLANG_CXX_LANGUAGE_STANDARD = "gnu++14";
				CLANG_CXX_LIBRARY = "libc++";
				CLANG_ENABLE_MODULES = YES;
				CLANG_ENABLE_OBJC_ARC = YES;
				CLANG_ENABLE_OBJC_WEAK = YES;
				CLANG_WARN_BLOCK_CAPTURE_AUTORELEASING = YES;
				CLANG_WARN_BOOL_CONVERSION = YES;
				CLANG_WARN_COMMA = YES;
				CLANG_WARN_CONSTANT_CONVERSION = YES;
				CLANG_WARN_DEPRECATED_OBJC_IMPLEMENTATIONS = YES;
				CLANG_WARN_DIRECT_OBJC_ISA_USAGE = YES_ERROR;
				CLANG_WARN_DOCUMENTATION_COMMENTS = YES;
				CLANG_WARN_EMPTY_BODY = YES;
				CLANG_WARN_ENUM_CONVERSION = YES;
				CLANG_WARN_INFINITE_RECURSION = YES;
				CLANG_WARN_INT_CONVERSION = YES;
				CLANG_WARN_NON_LITERAL_NULL_CONVERSION = YES;
				CLANG_WARN_OBJC_IMPLICIT_RETAIN_SELF = YES;
				CLANG_WARN_OBJC_LITERAL_CONVERSION = YES;
				CLANG_WARN_OBJC_ROOT_CLASS = YES_ERROR;
				CLANG_WARN_RANGE_LOOP_ANALYSIS = YES;
				CLANG_WARN_STRICT_PROTOTYPES = YES;
				CLANG_WARN_SUSPICIOUS_MOVE = YES;
				CLANG_WARN_UNGUARDED_AVAILABILITY = YES_AGGRESSIVE;
				CLANG_WARN_UNREACHABLE_CODE = YES;
				CLANG_WARN__DUPLICATE_METHOD_MATCH = YES;
				COPY_PHASE_STRIP = NO;
				DEBUG_INFORMATION_FORMAT = "dwarf-with-dsym";
				ENABLE_NS_ASSERTIONS = NO;
				ENABLE_STRICT_OBJC_MSGSEND = YES;
				GCC_C_LANGUAGE_STANDARD = gnu11;
				GCC_NO_COMMON_BLOCKS = YES;
				GCC_WARN_64_TO_32_BIT_CONVERSION = YES;
				GCC_WARN_ABOUT_RETURN_TYPE = YES_ERROR;
				GCC_WARN_UNDECLARED_SELECTOR = YES;
				GCC_WARN_UNINITIALIZED_AUTOS = YES_AGGRESSIVE;
				GCC_WARN_UNUSED_FUNCTION = YES;
				GCC_WARN_UNUSED_VARIABLE = YES;
				IPHONEOS_DEPLOYMENT_TARGET = 13.2;
				MTL_ENABLE_DEBUG_INFO = NO;
				MTL_FAST_MATH = YES;
				SDKROOT = iphoneos;
				SWIFT_COMPILATION_MODE = wholemodule;
				SWIFT_OPTIMIZATION_LEVEL = "-O";
				VALIDATE_PRODUCT = YES;
			};
			name = Release;
		};
		11542B1F239309A30011131C /* Debug */ = {
			isa = XCBuildConfiguration;
			buildSettings = {
				ASSETCATALOG_COMPILER_APPICON_NAME = AppIcon;
				CODE_SIGN_STYLE = Automatic;
				DEVELOPMENT_TEAM = 23W6YX3LME;
				INFOPLIST_FILE = Inky/Info.plist;
				IPHONEOS_DEPLOYMENT_TARGET = 13.0;
				LD_RUNPATH_SEARCH_PATHS = (
					"$(inherited)",
					"@executable_path/Frameworks",
				);
				PRODUCT_BUNDLE_IDENTIFIER = com.rcunningham.Inky;
				PRODUCT_NAME = "$(TARGET_NAME)";
				SWIFT_VERSION = 5.0;
				TARGETED_DEVICE_FAMILY = 1;
			};
			name = Debug;
		};
		11542B20239309A30011131C /* Release */ = {
			isa = XCBuildConfiguration;
			buildSettings = {
				ASSETCATALOG_COMPILER_APPICON_NAME = AppIcon;
				CODE_SIGN_STYLE = Automatic;
				DEVELOPMENT_TEAM = 23W6YX3LME;
				INFOPLIST_FILE = Inky/Info.plist;
				IPHONEOS_DEPLOYMENT_TARGET = 13.0;
				LD_RUNPATH_SEARCH_PATHS = (
					"$(inherited)",
					"@executable_path/Frameworks",
				);
				PRODUCT_BUNDLE_IDENTIFIER = com.rcunningham.Inky;
				PRODUCT_NAME = "$(TARGET_NAME)";
				SWIFT_VERSION = 5.0;
				TARGETED_DEVICE_FAMILY = 1;
			};
			name = Release;
		};
/* End XCBuildConfiguration section */

/* Begin XCConfigurationList section */
		11542B05239309A00011131C /* Build configuration list for PBXProject "Inky" */ = {
			isa = XCConfigurationList;
			buildConfigurations = (
				11542B1C239309A30011131C /* Debug */,
				11542B1D239309A30011131C /* Release */,
			);
			defaultConfigurationIsVisible = 0;
			defaultConfigurationName = Release;
		};
		11542B1E239309A30011131C /* Build configuration list for PBXNativeTarget "Inky" */ = {
			isa = XCConfigurationList;
			buildConfigurations = (
				11542B1F239309A30011131C /* Debug */,
				11542B20239309A30011131C /* Release */,
			);
			defaultConfigurationIsVisible = 0;
			defaultConfigurationName = Release;
		};
/* End XCConfigurationList section */
	};
	rootObject = 11542B02239309A00011131C /* Project object */;
}
